// !$*UTF8*$!
{
	archiveVersion = 1;
	classes = {
	};
	objectVersion = 46;
	objects = {

/* Begin PBXBuildFile section */
		7F0D37841B0F67B1008B785B /* SlideMenuController.swift in Sources */ = {isa = PBXBuildFile; fileRef = 7F0D37831B0F67B1008B785B /* SlideMenuController.swift */; };
		7F441A591B2EB3EA004DAA5D /* SOParseComManager.swift in Sources */ = {isa = PBXBuildFile; fileRef = 7F441A581B2EB3EA004DAA5D /* SOParseComManager.swift */; };
		7F497D4D1B18A6AF00F95BA9 /* Category.swift in Sources */ = {isa = PBXBuildFile; fileRef = 7F497D4C1B18A6AF00F95BA9 /* Category.swift */; };
		7F497D521B1AA25500F95BA9 /* SOTabBarController.swift in Sources */ = {isa = PBXBuildFile; fileRef = 7F497D511B1AA25500F95BA9 /* SOTabBarController.swift */; };
		7F497D541B1AA2C300F95BA9 /* SOTabBarContainerView.swift in Sources */ = {isa = PBXBuildFile; fileRef = 7F497D531B1AA2C300F95BA9 /* SOTabBarContainerView.swift */; };
		7F497D561B1AAA9900F95BA9 /* SOCategoryTabBarController.swift in Sources */ = {isa = PBXBuildFile; fileRef = 7F497D551B1AAA9900F95BA9 /* SOCategoryTabBarController.swift */; };
		7F497D581B1AAAB400F95BA9 /* SOIconsTabBarController.swift in Sources */ = {isa = PBXBuildFile; fileRef = 7F497D571B1AAAB400F95BA9 /* SOIconsTabBarController.swift */; };
		7F497D5A1B1AAF7700F95BA9 /* SOCategoryTabView.swift in Sources */ = {isa = PBXBuildFile; fileRef = 7F497D591B1AAF7700F95BA9 /* SOCategoryTabView.swift */; };
		7F497D5C1B1AAF9700F95BA9 /* SOIconTabView.swift in Sources */ = {isa = PBXBuildFile; fileRef = 7F497D5B1B1AAF9700F95BA9 /* SOIconTabView.swift */; };
		7F497D5E1B1AF0D800F95BA9 /* SOCategoryTabView.xib in Resources */ = {isa = PBXBuildFile; fileRef = 7F497D5D1B1AF0D800F95BA9 /* SOCategoryTabView.xib */; };
		7F497D621B1AF9B600F95BA9 /* SOIconTabView.xib in Resources */ = {isa = PBXBuildFile; fileRef = 7F497D611B1AF9B600F95BA9 /* SOIconTabView.xib */; };
		7F497D651B1B330300F95BA9 /* SOUtilities.swift in Sources */ = {isa = PBXBuildFile; fileRef = 7F497D641B1B330300F95BA9 /* SOUtilities.swift */; };
		7F57255C1B0F5DDA003DBDEB /* AppDelegate.swift in Sources */ = {isa = PBXBuildFile; fileRef = 7F57255B1B0F5DDA003DBDEB /* AppDelegate.swift */; };
		7F5725661B0F5DDA003DBDEB /* Images.xcassets in Resources */ = {isa = PBXBuildFile; fileRef = 7F5725651B0F5DDA003DBDEB /* Images.xcassets */; };
		7F5725751B0F5DDB003DBDEB /* SwiftOrganizerTests.swift in Sources */ = {isa = PBXBuildFile; fileRef = 7F5725741B0F5DDB003DBDEB /* SwiftOrganizerTests.swift */; };
		7F5725931B0F6114003DBDEB /* SOEditTaskViewController.swift in Sources */ = {isa = PBXBuildFile; fileRef = 7F57258C1B0F6114003DBDEB /* SOEditTaskViewController.swift */; };
		7F5725941B0F6114003DBDEB /* LeftViewController.swift in Sources */ = {isa = PBXBuildFile; fileRef = 7F57258D1B0F6114003DBDEB /* LeftViewController.swift */; };
		7F5725951B0F6114003DBDEB /* SOMainViewController.swift in Sources */ = {isa = PBXBuildFile; fileRef = 7F57258E1B0F6114003DBDEB /* SOMainViewController.swift */; };
		7F5725961B0F6114003DBDEB /* SOAboutViewController.swift in Sources */ = {isa = PBXBuildFile; fileRef = 7F57258F1B0F6114003DBDEB /* SOAboutViewController.swift */; };
		7F5725971B0F6114003DBDEB /* RightViewController.swift in Sources */ = {isa = PBXBuildFile; fileRef = 7F5725901B0F6114003DBDEB /* RightViewController.swift */; };
		7F5725981B0F6114003DBDEB /* SOSettingsViewController.swift in Sources */ = {isa = PBXBuildFile; fileRef = 7F5725911B0F6114003DBDEB /* SOSettingsViewController.swift */; };
		7F57259D1B0F61AC003DBDEB /* BaseTableViewCell.swift in Sources */ = {isa = PBXBuildFile; fileRef = 7F57259C1B0F61AC003DBDEB /* BaseTableViewCell.swift */; };
		7F5725A21B0F61F7003DBDEB /* StringExtension.swift in Sources */ = {isa = PBXBuildFile; fileRef = 7F57259F1B0F61F7003DBDEB /* StringExtension.swift */; };
		7F5725A31B0F61F7003DBDEB /* UITableViewExtension.swift in Sources */ = {isa = PBXBuildFile; fileRef = 7F5725A01B0F61F7003DBDEB /* UITableViewExtension.swift */; };
		7F5725A41B0F61F7003DBDEB /* UIViewControllerExtension.swift in Sources */ = {isa = PBXBuildFile; fileRef = 7F5725A11B0F61F7003DBDEB /* UIViewControllerExtension.swift */; };
		7F5826BD1B482D6C00C0B179 /* SOiCloudManager.swift in Sources */ = {isa = PBXBuildFile; fileRef = 7F5826BC1B482D6C00C0B179 /* SOiCloudManager.swift */; };
		7F5866381B16FB6000BB32AA /* Ico.swift in Sources */ = {isa = PBXBuildFile; fileRef = 7F5866351B16FB6000BB32AA /* Ico.swift */; };
		7F58663C1B16FCC700BB32AA /* SOLocalDataBase.swift in Sources */ = {isa = PBXBuildFile; fileRef = 7F58663B1B16FCC700BB32AA /* SOLocalDataBase.swift */; };
		7F5A6D1F1B14A75A009665C7 /* SOMainTableViewController.swift in Sources */ = {isa = PBXBuildFile; fileRef = 7F5A6D1E1B14A75A009665C7 /* SOMainTableViewController.swift */; };
		7F5A6D211B14B61B009665C7 /* SOMainTableViewCell.swift in Sources */ = {isa = PBXBuildFile; fileRef = 7F5A6D201B14B61B009665C7 /* SOMainTableViewCell.swift */; };
		7F5A6D311B14C42C009665C7 /* ico1@2x.png in Resources */ = {isa = PBXBuildFile; fileRef = 7F5A6D251B14C42C009665C7 /* ico1@2x.png */; };
		7F5A6D321B14C42C009665C7 /* ico2@2x.png in Resources */ = {isa = PBXBuildFile; fileRef = 7F5A6D261B14C42C009665C7 /* ico2@2x.png */; };
		7F5A6D331B14C42C009665C7 /* ico3@2x.png in Resources */ = {isa = PBXBuildFile; fileRef = 7F5A6D271B14C42C009665C7 /* ico3@2x.png */; };
		7F5A6D341B14C42C009665C7 /* ico4@2x.png in Resources */ = {isa = PBXBuildFile; fileRef = 7F5A6D281B14C42C009665C7 /* ico4@2x.png */; };
		7F5A6D351B14C42C009665C7 /* ico5@2x.png in Resources */ = {isa = PBXBuildFile; fileRef = 7F5A6D291B14C42C009665C7 /* ico5@2x.png */; };
		7F5A6D361B14C42C009665C7 /* ico6@2x.png in Resources */ = {isa = PBXBuildFile; fileRef = 7F5A6D2A1B14C42C009665C7 /* ico6@2x.png */; };
		7F5A6D371B14C42C009665C7 /* ico7@2x.png in Resources */ = {isa = PBXBuildFile; fileRef = 7F5A6D2B1B14C42C009665C7 /* ico7@2x.png */; };
		7F5A6D381B14C42C009665C7 /* ico8@2x.png in Resources */ = {isa = PBXBuildFile; fileRef = 7F5A6D2C1B14C42C009665C7 /* ico8@2x.png */; };
		7F5A6D391B14C42C009665C7 /* ico9@2x.png in Resources */ = {isa = PBXBuildFile; fileRef = 7F5A6D2D1B14C42C009665C7 /* ico9@2x.png */; };
		7F5A6D3A1B14C42C009665C7 /* ico10@2x.png in Resources */ = {isa = PBXBuildFile; fileRef = 7F5A6D2E1B14C42C009665C7 /* ico10@2x.png */; };
		7F5A6D3B1B14C42C009665C7 /* ico11@2x.png in Resources */ = {isa = PBXBuildFile; fileRef = 7F5A6D2F1B14C42C009665C7 /* ico11@2x.png */; };
		7F5A6D3C1B14C42C009665C7 /* ico12@2x.png in Resources */ = {isa = PBXBuildFile; fileRef = 7F5A6D301B14C42C009665C7 /* ico12@2x.png */; };
		7F5C2C3A1B400B2400506320 /* SOObserversManager.swift in Sources */ = {isa = PBXBuildFile; fileRef = 7F5C2C391B400B2400506320 /* SOObserversManager.swift */; };
		7F5C2C3C1B40143600506320 /* ArrayExtension.swift in Sources */ = {isa = PBXBuildFile; fileRef = 7F5C2C3B1B40143600506320 /* ArrayExtension.swift */; };
		7F5C2C3E1B42D88700506320 /* README.md in Sources */ = {isa = PBXBuildFile; fileRef = 7F5C2C3D1B42D88700506320 /* README.md */; };
		7F625EE81B2ED3DC004B7C16 /* Bolts.framework in Frameworks */ = {isa = PBXBuildFile; fileRef = 7F625EE21B2ED3DC004B7C16 /* Bolts.framework */; };
		7F625EE91B2ED3DC004B7C16 /* Parse.framework in Frameworks */ = {isa = PBXBuildFile; fileRef = 7F625EE31B2ED3DC004B7C16 /* Parse.framework */; };
		7F625EEA1B2ED3DC004B7C16 /* ParseCrashReporting.framework in Frameworks */ = {isa = PBXBuildFile; fileRef = 7F625EE41B2ED3DC004B7C16 /* ParseCrashReporting.framework */; };
		7F625EEB1B2ED3DC004B7C16 /* ParseFacebookUtils.framework in Frameworks */ = {isa = PBXBuildFile; fileRef = 7F625EE51B2ED3DC004B7C16 /* ParseFacebookUtils.framework */; };
		7F625EEC1B2ED3DC004B7C16 /* ParseFacebookUtilsV4.framework in Frameworks */ = {isa = PBXBuildFile; fileRef = 7F625EE61B2ED3DC004B7C16 /* ParseFacebookUtilsV4.framework */; };
		7F625EED1B2ED3DC004B7C16 /* ParseUI.framework in Frameworks */ = {isa = PBXBuildFile; fileRef = 7F625EE71B2ED3DC004B7C16 /* ParseUI.framework */; };
		7F625EF01B2ED492004B7C16 /* libstdc++.6.dylib in Frameworks */ = {isa = PBXBuildFile; fileRef = 7F625EEF1B2ED492004B7C16 /* libstdc++.6.dylib */; };
		7F625EF21B2ED49C004B7C16 /* MobileCoreServices.framework in Frameworks */ = {isa = PBXBuildFile; fileRef = 7F625EF11B2ED49C004B7C16 /* MobileCoreServices.framework */; };
		7F625EF41B2ED4A9004B7C16 /* SystemConfiguration.framework in Frameworks */ = {isa = PBXBuildFile; fileRef = 7F625EF31B2ED4A9004B7C16 /* SystemConfiguration.framework */; };
		7F625EF61B2ED4B7004B7C16 /* AudioToolbox.framework in Frameworks */ = {isa = PBXBuildFile; fileRef = 7F625EF51B2ED4B7004B7C16 /* AudioToolbox.framework */; };
		7F625EF81B2ED4C2004B7C16 /* libsqlite3.dylib in Frameworks */ = {isa = PBXBuildFile; fileRef = 7F625EF71B2ED4C2004B7C16 /* libsqlite3.dylib */; };
		7F625F011B2FDC88004B7C16 /* SORemoteDataBase.swift in Sources */ = {isa = PBXBuildFile; fileRef = 7F625F001B2FDC88004B7C16 /* SORemoteDataBase.swift */; };
		7F625F031B2FDD85004B7C16 /* SODataBaseFactory.swift in Sources */ = {isa = PBXBuildFile; fileRef = 7F625F021B2FDD85004B7C16 /* SODataBaseFactory.swift */; };
		7F625F051B2FDEEE004B7C16 /* SODataFetching.swift in Sources */ = {isa = PBXBuildFile; fileRef = 7F625F041B2FDEEE004B7C16 /* SODataFetching.swift */; };
		7F625F091B2FDF5F004B7C16 /* SOCategory.swift in Sources */ = {isa = PBXBuildFile; fileRef = 7F625F061B2FDF5F004B7C16 /* SOCategory.swift */; };
		7F625F0A1B2FDF5F004B7C16 /* SOIco.swift in Sources */ = {isa = PBXBuildFile; fileRef = 7F625F071B2FDF5F004B7C16 /* SOIco.swift */; };
		7F625F0B1B2FDF5F004B7C16 /* SOTask.swift in Sources */ = {isa = PBXBuildFile; fileRef = 7F625F081B2FDF5F004B7C16 /* SOTask.swift */; };
		7F625F0D1B30274C004B7C16 /* SODataBaseProtocol.swift in Sources */ = {isa = PBXBuildFile; fileRef = 7F625F0C1B30274C004B7C16 /* SODataBaseProtocol.swift */; };
		7F64749F1B2730D700B3D75C /* ico13@2x.png in Resources */ = {isa = PBXBuildFile; fileRef = 7F64749A1B2730D700B3D75C /* ico13@2x.png */; };
		7F6474A01B2730D700B3D75C /* ico14@2x.png in Resources */ = {isa = PBXBuildFile; fileRef = 7F64749B1B2730D700B3D75C /* ico14@2x.png */; };
		7F6474A11B2730D700B3D75C /* ico15@2x.png in Resources */ = {isa = PBXBuildFile; fileRef = 7F64749C1B2730D700B3D75C /* ico15@2x.png */; };
		7F6474A21B2730D700B3D75C /* ico16@2x.png in Resources */ = {isa = PBXBuildFile; fileRef = 7F64749D1B2730D700B3D75C /* ico16@2x.png */; };
		7F6474A31B2730D700B3D75C /* ico17@2x.png in Resources */ = {isa = PBXBuildFile; fileRef = 7F64749E1B2730D700B3D75C /* ico17@2x.png */; };
		7F6E98161B1DD9F70048ED7A /* SOEditTaskCategoryCell.swift in Sources */ = {isa = PBXBuildFile; fileRef = 7F6E98151B1DD9F70048ED7A /* SOEditTaskCategoryCell.swift */; };
		7F6E98181B1DDD930048ED7A /* SOEditTaskIconsCell.swift in Sources */ = {isa = PBXBuildFile; fileRef = 7F6E98171B1DDD930048ED7A /* SOEditTaskIconsCell.swift */; };
		7F6E981A1B1DDED30048ED7A /* SOEditTaskDateCell.swift in Sources */ = {isa = PBXBuildFile; fileRef = 7F6E98191B1DDED30048ED7A /* SOEditTaskDateCell.swift */; };
		7F6E981C1B1DE04C0048ED7A /* SOEditTaskDescriptionCell.swift in Sources */ = {isa = PBXBuildFile; fileRef = 7F6E981B1B1DE04C0048ED7A /* SOEditTaskDescriptionCell.swift */; };
		7F6E98201B1E23F20048ED7A /* SOEnterCategoryViewController.swift in Sources */ = {isa = PBXBuildFile; fileRef = 7F6E981F1B1E23F20048ED7A /* SOEnterCategoryViewController.swift */; };
		7F6E98221B1E24210048ED7A /* SOEnterIconsViewController.swift in Sources */ = {isa = PBXBuildFile; fileRef = 7F6E98211B1E24210048ED7A /* SOEnterIconsViewController.swift */; };
		7F6E98241B1E243C0048ED7A /* SOEnterDateViewController.swift in Sources */ = {isa = PBXBuildFile; fileRef = 7F6E98231B1E243C0048ED7A /* SOEnterDateViewController.swift */; };
		7F6E98261B1E24590048ED7A /* SOEnterDescriptionViewController.swift in Sources */ = {isa = PBXBuildFile; fileRef = 7F6E98251B1E24590048ED7A /* SOEnterDescriptionViewController.swift */; };
		7F6E98281B1E27840048ED7A /* SOEnterBaseViewController.swift in Sources */ = {isa = PBXBuildFile; fileRef = 7F6E98271B1E27840048ED7A /* SOEnterBaseViewController.swift */; };
		7F6E98601B1EF3180048ED7A /* SOSelectCategoryCell.swift in Sources */ = {isa = PBXBuildFile; fileRef = 7F6E985F1B1EF3180048ED7A /* SOSelectCategoryCell.swift */; };
		7F6E98621B1F28650048ED7A /* SOSelectIconsCell.swift in Sources */ = {isa = PBXBuildFile; fileRef = 7F6E98611B1F28650048ED7A /* SOSelectIconsCell.swift */; };
		7F6E98641B206CF80048ED7A /* Task.swift in Sources */ = {isa = PBXBuildFile; fileRef = 7F6E98631B206CF80048ED7A /* Task.swift */; };
		7F9B77261B189C54006D3434 /* Main.storyboard in Resources */ = {isa = PBXBuildFile; fileRef = 7F5725621B0F5DDA003DBDEB /* Main.storyboard */; };
		7F9B77271B189C58006D3434 /* LaunchScreen.xib in Resources */ = {isa = PBXBuildFile; fileRef = 7F5725671B0F5DDA003DBDEB /* LaunchScreen.xib */; };
		7F9B772A1B189E67006D3434 /* SwiftOrganizer.xcdatamodeld in Sources */ = {isa = PBXBuildFile; fileRef = 7F9B77281B189E67006D3434 /* SwiftOrganizer.xcdatamodeld */; };
/* End PBXBuildFile section */

/* Begin PBXContainerItemProxy section */
		7F57256F1B0F5DDB003DBDEB /* PBXContainerItemProxy */ = {
			isa = PBXContainerItemProxy;
			containerPortal = 7F57254E1B0F5DDA003DBDEB /* Project object */;
			proxyType = 1;
			remoteGlobalIDString = 7F5725551B0F5DDA003DBDEB;
			remoteInfo = SwiftOrganizer;
		};
/* End PBXContainerItemProxy section */

/* Begin PBXFileReference section */
		7F0D37831B0F67B1008B785B /* SlideMenuController.swift */ = {isa = PBXFileReference; fileEncoding = 4; lastKnownFileType = sourcecode.swift; path = SlideMenuController.swift; sourceTree = "<group>"; };
		7F441A581B2EB3EA004DAA5D /* SOParseComManager.swift */ = {isa = PBXFileReference; fileEncoding = 4; lastKnownFileType = sourcecode.swift; path = SOParseComManager.swift; sourceTree = "<group>"; };
		7F441A5B1B2EBEBD004DAA5D /* SwiftOrganizer-Bridging-Header.h */ = {isa = PBXFileReference; lastKnownFileType = sourcecode.c.h; path = "SwiftOrganizer-Bridging-Header.h"; sourceTree = "<group>"; };
		7F497D4C1B18A6AF00F95BA9 /* Category.swift */ = {isa = PBXFileReference; fileEncoding = 4; lastKnownFileType = sourcecode.swift; name = Category.swift; path = LocalDataBase/Category.swift; sourceTree = "<group>"; };
		7F497D511B1AA25500F95BA9 /* SOTabBarController.swift */ = {isa = PBXFileReference; fileEncoding = 4; lastKnownFileType = sourcecode.swift; name = SOTabBarController.swift; path = TabBar/SOTabBarController.swift; sourceTree = "<group>"; };
		7F497D531B1AA2C300F95BA9 /* SOTabBarContainerView.swift */ = {isa = PBXFileReference; fileEncoding = 4; lastKnownFileType = sourcecode.swift; name = SOTabBarContainerView.swift; path = TabBar/SOTabBarContainerView.swift; sourceTree = "<group>"; };
		7F497D551B1AAA9900F95BA9 /* SOCategoryTabBarController.swift */ = {isa = PBXFileReference; fileEncoding = 4; lastKnownFileType = sourcecode.swift; name = SOCategoryTabBarController.swift; path = TabBar/SOCategoryTabBarController.swift; sourceTree = "<group>"; };
		7F497D571B1AAAB400F95BA9 /* SOIconsTabBarController.swift */ = {isa = PBXFileReference; fileEncoding = 4; lastKnownFileType = sourcecode.swift; name = SOIconsTabBarController.swift; path = TabBar/SOIconsTabBarController.swift; sourceTree = "<group>"; };
		7F497D591B1AAF7700F95BA9 /* SOCategoryTabView.swift */ = {isa = PBXFileReference; fileEncoding = 4; lastKnownFileType = sourcecode.swift; name = SOCategoryTabView.swift; path = TabBar/SOCategoryTabView.swift; sourceTree = "<group>"; };
		7F497D5B1B1AAF9700F95BA9 /* SOIconTabView.swift */ = {isa = PBXFileReference; fileEncoding = 4; lastKnownFileType = sourcecode.swift; name = SOIconTabView.swift; path = TabBar/SOIconTabView.swift; sourceTree = "<group>"; };
		7F497D5D1B1AF0D800F95BA9 /* SOCategoryTabView.xib */ = {isa = PBXFileReference; fileEncoding = 4; lastKnownFileType = file.xib; name = SOCategoryTabView.xib; path = TabBar/SOCategoryTabView.xib; sourceTree = "<group>"; };
		7F497D611B1AF9B600F95BA9 /* SOIconTabView.xib */ = {isa = PBXFileReference; fileEncoding = 4; lastKnownFileType = file.xib; name = SOIconTabView.xib; path = TabBar/SOIconTabView.xib; sourceTree = "<group>"; };
		7F497D641B1B330300F95BA9 /* SOUtilities.swift */ = {isa = PBXFileReference; fileEncoding = 4; lastKnownFileType = sourcecode.swift; name = SOUtilities.swift; path = Utilities/SOUtilities.swift; sourceTree = "<group>"; };
		7F5725561B0F5DDA003DBDEB /* SwiftOrganizer.app */ = {isa = PBXFileReference; explicitFileType = wrapper.application; includeInIndex = 0; path = SwiftOrganizer.app; sourceTree = BUILT_PRODUCTS_DIR; };
		7F57255A1B0F5DDA003DBDEB /* Info.plist */ = {isa = PBXFileReference; lastKnownFileType = text.plist.xml; path = Info.plist; sourceTree = "<group>"; };
		7F57255B1B0F5DDA003DBDEB /* AppDelegate.swift */ = {isa = PBXFileReference; lastKnownFileType = sourcecode.swift; path = AppDelegate.swift; sourceTree = "<group>"; };
		7F5725631B0F5DDA003DBDEB /* Base */ = {isa = PBXFileReference; lastKnownFileType = file.storyboard; name = Base; path = Base.lproj/Main.storyboard; sourceTree = "<group>"; };
		7F5725651B0F5DDA003DBDEB /* Images.xcassets */ = {isa = PBXFileReference; lastKnownFileType = folder.assetcatalog; path = Images.xcassets; sourceTree = "<group>"; };
		7F5725681B0F5DDA003DBDEB /* Base */ = {isa = PBXFileReference; lastKnownFileType = file.xib; name = Base; path = Base.lproj/LaunchScreen.xib; sourceTree = "<group>"; };
		7F57256E1B0F5DDB003DBDEB /* SwiftOrganizerTests.xctest */ = {isa = PBXFileReference; explicitFileType = wrapper.cfbundle; includeInIndex = 0; path = SwiftOrganizerTests.xctest; sourceTree = BUILT_PRODUCTS_DIR; };
		7F5725731B0F5DDB003DBDEB /* Info.plist */ = {isa = PBXFileReference; lastKnownFileType = text.plist.xml; path = Info.plist; sourceTree = "<group>"; };
		7F5725741B0F5DDB003DBDEB /* SwiftOrganizerTests.swift */ = {isa = PBXFileReference; lastKnownFileType = sourcecode.swift; path = SwiftOrganizerTests.swift; sourceTree = "<group>"; };
		7F57258C1B0F6114003DBDEB /* SOEditTaskViewController.swift */ = {isa = PBXFileReference; fileEncoding = 4; lastKnownFileType = sourcecode.swift; path = SOEditTaskViewController.swift; sourceTree = "<group>"; };
		7F57258D1B0F6114003DBDEB /* LeftViewController.swift */ = {isa = PBXFileReference; fileEncoding = 4; lastKnownFileType = sourcecode.swift; path = LeftViewController.swift; sourceTree = "<group>"; };
		7F57258E1B0F6114003DBDEB /* SOMainViewController.swift */ = {isa = PBXFileReference; fileEncoding = 4; lastKnownFileType = sourcecode.swift; path = SOMainViewController.swift; sourceTree = "<group>"; };
		7F57258F1B0F6114003DBDEB /* SOAboutViewController.swift */ = {isa = PBXFileReference; fileEncoding = 4; lastKnownFileType = sourcecode.swift; path = SOAboutViewController.swift; sourceTree = "<group>"; };
		7F5725901B0F6114003DBDEB /* RightViewController.swift */ = {isa = PBXFileReference; fileEncoding = 4; lastKnownFileType = sourcecode.swift; path = RightViewController.swift; sourceTree = "<group>"; };
		7F5725911B0F6114003DBDEB /* SOSettingsViewController.swift */ = {isa = PBXFileReference; fileEncoding = 4; lastKnownFileType = sourcecode.swift; path = SOSettingsViewController.swift; sourceTree = "<group>"; };
		7F57259C1B0F61AC003DBDEB /* BaseTableViewCell.swift */ = {isa = PBXFileReference; fileEncoding = 4; lastKnownFileType = sourcecode.swift; path = BaseTableViewCell.swift; sourceTree = "<group>"; };
		7F57259F1B0F61F7003DBDEB /* StringExtension.swift */ = {isa = PBXFileReference; fileEncoding = 4; lastKnownFileType = sourcecode.swift; path = StringExtension.swift; sourceTree = "<group>"; };
		7F5725A01B0F61F7003DBDEB /* UITableViewExtension.swift */ = {isa = PBXFileReference; fileEncoding = 4; lastKnownFileType = sourcecode.swift; path = UITableViewExtension.swift; sourceTree = "<group>"; };
		7F5725A11B0F61F7003DBDEB /* UIViewControllerExtension.swift */ = {isa = PBXFileReference; fileEncoding = 4; lastKnownFileType = sourcecode.swift; path = UIViewControllerExtension.swift; sourceTree = "<group>"; };
		7F5826BA1B481E2C00C0B179 /* SwiftOrganizer.entitlements */ = {isa = PBXFileReference; lastKnownFileType = text.xml; name = SwiftOrganizer.entitlements; path = ../SwiftOrganizer.entitlements; sourceTree = "<group>"; };
		7F5826BC1B482D6C00C0B179 /* SOiCloudManager.swift */ = {isa = PBXFileReference; fileEncoding = 4; lastKnownFileType = sourcecode.swift; name = SOiCloudManager.swift; path = SwiftOrganizer/iCloud/SOiCloudManager.swift; sourceTree = SOURCE_ROOT; };
		7F5866351B16FB6000BB32AA /* Ico.swift */ = {isa = PBXFileReference; fileEncoding = 4; lastKnownFileType = sourcecode.swift; name = Ico.swift; path = LocalDataBase/Ico.swift; sourceTree = "<group>"; };
		7F58663B1B16FCC700BB32AA /* SOLocalDataBase.swift */ = {isa = PBXFileReference; fileEncoding = 4; lastKnownFileType = sourcecode.swift; name = SOLocalDataBase.swift; path = LocalDataBase/SOLocalDataBase.swift; sourceTree = "<group>"; };
		7F5A6D1E1B14A75A009665C7 /* SOMainTableViewController.swift */ = {isa = PBXFileReference; fileEncoding = 4; lastKnownFileType = sourcecode.swift; path = SOMainTableViewController.swift; sourceTree = "<group>"; };
		7F5A6D201B14B61B009665C7 /* SOMainTableViewCell.swift */ = {isa = PBXFileReference; fileEncoding = 4; lastKnownFileType = sourcecode.swift; path = SOMainTableViewCell.swift; sourceTree = "<group>"; };
		7F5A6D251B14C42C009665C7 /* ico1@2x.png */ = {isa = PBXFileReference; lastKnownFileType = image.png; name = "ico1@2x.png"; path = "Resources/Images/Icons/ico1@2x.png"; sourceTree = "<group>"; };
		7F5A6D261B14C42C009665C7 /* ico2@2x.png */ = {isa = PBXFileReference; lastKnownFileType = image.png; name = "ico2@2x.png"; path = "Resources/Images/Icons/ico2@2x.png"; sourceTree = "<group>"; };
		7F5A6D271B14C42C009665C7 /* ico3@2x.png */ = {isa = PBXFileReference; lastKnownFileType = image.png; name = "ico3@2x.png"; path = "Resources/Images/Icons/ico3@2x.png"; sourceTree = "<group>"; };
		7F5A6D281B14C42C009665C7 /* ico4@2x.png */ = {isa = PBXFileReference; lastKnownFileType = image.png; name = "ico4@2x.png"; path = "Resources/Images/Icons/ico4@2x.png"; sourceTree = "<group>"; };
		7F5A6D291B14C42C009665C7 /* ico5@2x.png */ = {isa = PBXFileReference; lastKnownFileType = image.png; name = "ico5@2x.png"; path = "Resources/Images/Icons/ico5@2x.png"; sourceTree = "<group>"; };
		7F5A6D2A1B14C42C009665C7 /* ico6@2x.png */ = {isa = PBXFileReference; lastKnownFileType = image.png; name = "ico6@2x.png"; path = "Resources/Images/Icons/ico6@2x.png"; sourceTree = "<group>"; };
		7F5A6D2B1B14C42C009665C7 /* ico7@2x.png */ = {isa = PBXFileReference; lastKnownFileType = image.png; name = "ico7@2x.png"; path = "Resources/Images/Icons/ico7@2x.png"; sourceTree = "<group>"; };
		7F5A6D2C1B14C42C009665C7 /* ico8@2x.png */ = {isa = PBXFileReference; lastKnownFileType = image.png; name = "ico8@2x.png"; path = "Resources/Images/Icons/ico8@2x.png"; sourceTree = "<group>"; };
		7F5A6D2D1B14C42C009665C7 /* ico9@2x.png */ = {isa = PBXFileReference; lastKnownFileType = image.png; name = "ico9@2x.png"; path = "Resources/Images/Icons/ico9@2x.png"; sourceTree = "<group>"; };
		7F5A6D2E1B14C42C009665C7 /* ico10@2x.png */ = {isa = PBXFileReference; lastKnownFileType = image.png; name = "ico10@2x.png"; path = "Resources/Images/Icons/ico10@2x.png"; sourceTree = "<group>"; };
		7F5A6D2F1B14C42C009665C7 /* ico11@2x.png */ = {isa = PBXFileReference; lastKnownFileType = image.png; name = "ico11@2x.png"; path = "Resources/Images/Icons/ico11@2x.png"; sourceTree = "<group>"; };
		7F5A6D301B14C42C009665C7 /* ico12@2x.png */ = {isa = PBXFileReference; lastKnownFileType = image.png; name = "ico12@2x.png"; path = "Resources/Images/Icons/ico12@2x.png"; sourceTree = "<group>"; };
		7F5C2C391B400B2400506320 /* SOObserversManager.swift */ = {isa = PBXFileReference; fileEncoding = 4; lastKnownFileType = sourcecode.swift; name = SOObserversManager.swift; path = SwiftOrganizer/ObserverManager/SOObserversManager.swift; sourceTree = SOURCE_ROOT; };
		7F5C2C3B1B40143600506320 /* ArrayExtension.swift */ = {isa = PBXFileReference; fileEncoding = 4; lastKnownFileType = sourcecode.swift; path = ArrayExtension.swift; sourceTree = "<group>"; };
		7F5C2C3D1B42D88700506320 /* README.md */ = {isa = PBXFileReference; fileEncoding = 4; lastKnownFileType = net.daringfireball.markdown; name = README.md; path = ../../README.md; sourceTree = "<group>"; };
		7F5D20EA1B3942B500926392 /* SwiftOrganizer.playground */ = {isa = PBXFileReference; lastKnownFileType = file.playground; path = SwiftOrganizer.playground; sourceTree = "<group>"; };
		7F625EE21B2ED3DC004B7C16 /* Bolts.framework */ = {isa = PBXFileReference; lastKnownFileType = wrapper.framework; name = Bolts.framework; path = Frameworks/Bolts.framework; sourceTree = "<group>"; };
		7F625EE31B2ED3DC004B7C16 /* Parse.framework */ = {isa = PBXFileReference; lastKnownFileType = wrapper.framework; name = Parse.framework; path = Frameworks/Parse.framework; sourceTree = "<group>"; };
		7F625EE41B2ED3DC004B7C16 /* ParseCrashReporting.framework */ = {isa = PBXFileReference; lastKnownFileType = wrapper.framework; name = ParseCrashReporting.framework; path = Frameworks/ParseCrashReporting.framework; sourceTree = "<group>"; };
		7F625EE51B2ED3DC004B7C16 /* ParseFacebookUtils.framework */ = {isa = PBXFileReference; lastKnownFileType = wrapper.framework; name = ParseFacebookUtils.framework; path = Frameworks/ParseFacebookUtils.framework; sourceTree = "<group>"; };
		7F625EE61B2ED3DC004B7C16 /* ParseFacebookUtilsV4.framework */ = {isa = PBXFileReference; lastKnownFileType = wrapper.framework; name = ParseFacebookUtilsV4.framework; path = Frameworks/ParseFacebookUtilsV4.framework; sourceTree = "<group>"; };
		7F625EE71B2ED3DC004B7C16 /* ParseUI.framework */ = {isa = PBXFileReference; lastKnownFileType = wrapper.framework; name = ParseUI.framework; path = Frameworks/ParseUI.framework; sourceTree = "<group>"; };
		7F625EEF1B2ED492004B7C16 /* libstdc++.6.dylib */ = {isa = PBXFileReference; lastKnownFileType = "compiled.mach-o.dylib"; name = "libstdc++.6.dylib"; path = "usr/lib/libstdc++.6.dylib"; sourceTree = SDKROOT; };
		7F625EF11B2ED49C004B7C16 /* MobileCoreServices.framework */ = {isa = PBXFileReference; lastKnownFileType = wrapper.framework; name = MobileCoreServices.framework; path = System/Library/Frameworks/MobileCoreServices.framework; sourceTree = SDKROOT; };
		7F625EF31B2ED4A9004B7C16 /* SystemConfiguration.framework */ = {isa = PBXFileReference; lastKnownFileType = wrapper.framework; name = SystemConfiguration.framework; path = System/Library/Frameworks/SystemConfiguration.framework; sourceTree = SDKROOT; };
		7F625EF51B2ED4B7004B7C16 /* AudioToolbox.framework */ = {isa = PBXFileReference; lastKnownFileType = wrapper.framework; name = AudioToolbox.framework; path = System/Library/Frameworks/AudioToolbox.framework; sourceTree = SDKROOT; };
		7F625EF71B2ED4C2004B7C16 /* libsqlite3.dylib */ = {isa = PBXFileReference; lastKnownFileType = "compiled.mach-o.dylib"; name = libsqlite3.dylib; path = usr/lib/libsqlite3.dylib; sourceTree = SDKROOT; };
		7F625F001B2FDC88004B7C16 /* SORemoteDataBase.swift */ = {isa = PBXFileReference; fileEncoding = 4; lastKnownFileType = sourcecode.swift; path = SORemoteDataBase.swift; sourceTree = "<group>"; };
		7F625F021B2FDD85004B7C16 /* SODataBaseFactory.swift */ = {isa = PBXFileReference; fileEncoding = 4; lastKnownFileType = sourcecode.swift; name = SODataBaseFactory.swift; path = BaseDataBase/SODataBaseFactory.swift; sourceTree = "<group>"; };
		7F625F041B2FDEEE004B7C16 /* SODataFetching.swift */ = {isa = PBXFileReference; fileEncoding = 4; lastKnownFileType = sourcecode.swift; name = SODataFetching.swift; path = BaseDataBase/SODataFetching.swift; sourceTree = "<group>"; };
		7F625F061B2FDF5F004B7C16 /* SOCategory.swift */ = {isa = PBXFileReference; fileEncoding = 4; lastKnownFileType = sourcecode.swift; name = SOCategory.swift; path = BaseDataBase/SOCategory.swift; sourceTree = "<group>"; };
		7F625F071B2FDF5F004B7C16 /* SOIco.swift */ = {isa = PBXFileReference; fileEncoding = 4; lastKnownFileType = sourcecode.swift; name = SOIco.swift; path = BaseDataBase/SOIco.swift; sourceTree = "<group>"; };
		7F625F081B2FDF5F004B7C16 /* SOTask.swift */ = {isa = PBXFileReference; fileEncoding = 4; lastKnownFileType = sourcecode.swift; name = SOTask.swift; path = BaseDataBase/SOTask.swift; sourceTree = "<group>"; };
		7F625F0C1B30274C004B7C16 /* SODataBaseProtocol.swift */ = {isa = PBXFileReference; fileEncoding = 4; lastKnownFileType = sourcecode.swift; name = SODataBaseProtocol.swift; path = BaseDataBase/SODataBaseProtocol.swift; sourceTree = "<group>"; };
		7F64749A1B2730D700B3D75C /* ico13@2x.png */ = {isa = PBXFileReference; lastKnownFileType = image.png; name = "ico13@2x.png"; path = "Resources/Images/Icons/ico13@2x.png"; sourceTree = "<group>"; };
		7F64749B1B2730D700B3D75C /* ico14@2x.png */ = {isa = PBXFileReference; lastKnownFileType = image.png; name = "ico14@2x.png"; path = "Resources/Images/Icons/ico14@2x.png"; sourceTree = "<group>"; };
		7F64749C1B2730D700B3D75C /* ico15@2x.png */ = {isa = PBXFileReference; lastKnownFileType = image.png; name = "ico15@2x.png"; path = "Resources/Images/Icons/ico15@2x.png"; sourceTree = "<group>"; };
		7F64749D1B2730D700B3D75C /* ico16@2x.png */ = {isa = PBXFileReference; lastKnownFileType = image.png; name = "ico16@2x.png"; path = "Resources/Images/Icons/ico16@2x.png"; sourceTree = "<group>"; };
		7F64749E1B2730D700B3D75C /* ico17@2x.png */ = {isa = PBXFileReference; lastKnownFileType = image.png; name = "ico17@2x.png"; path = "Resources/Images/Icons/ico17@2x.png"; sourceTree = "<group>"; };
		7F6E98151B1DD9F70048ED7A /* SOEditTaskCategoryCell.swift */ = {isa = PBXFileReference; fileEncoding = 4; lastKnownFileType = sourcecode.swift; name = SOEditTaskCategoryCell.swift; path = EditTaskViewController/SOEditTaskCategoryCell.swift; sourceTree = "<group>"; };
		7F6E98171B1DDD930048ED7A /* SOEditTaskIconsCell.swift */ = {isa = PBXFileReference; fileEncoding = 4; lastKnownFileType = sourcecode.swift; name = SOEditTaskIconsCell.swift; path = EditTaskViewController/SOEditTaskIconsCell.swift; sourceTree = "<group>"; };
		7F6E98191B1DDED30048ED7A /* SOEditTaskDateCell.swift */ = {isa = PBXFileReference; fileEncoding = 4; lastKnownFileType = sourcecode.swift; name = SOEditTaskDateCell.swift; path = EditTaskViewController/SOEditTaskDateCell.swift; sourceTree = "<group>"; };
		7F6E981B1B1DE04C0048ED7A /* SOEditTaskDescriptionCell.swift */ = {isa = PBXFileReference; fileEncoding = 4; lastKnownFileType = sourcecode.swift; name = SOEditTaskDescriptionCell.swift; path = EditTaskViewController/SOEditTaskDescriptionCell.swift; sourceTree = "<group>"; };
		7F6E981F1B1E23F20048ED7A /* SOEnterCategoryViewController.swift */ = {isa = PBXFileReference; fileEncoding = 4; lastKnownFileType = sourcecode.swift; name = SOEnterCategoryViewController.swift; path = EditTaskViewController/ViewControllers/SOEnterCategoryViewController.swift; sourceTree = "<group>"; };
		7F6E98211B1E24210048ED7A /* SOEnterIconsViewController.swift */ = {isa = PBXFileReference; fileEncoding = 4; lastKnownFileType = sourcecode.swift; name = SOEnterIconsViewController.swift; path = EditTaskViewController/ViewControllers/SOEnterIconsViewController.swift; sourceTree = "<group>"; };
		7F6E98231B1E243C0048ED7A /* SOEnterDateViewController.swift */ = {isa = PBXFileReference; fileEncoding = 4; lastKnownFileType = sourcecode.swift; name = SOEnterDateViewController.swift; path = EditTaskViewController/ViewControllers/SOEnterDateViewController.swift; sourceTree = "<group>"; };
		7F6E98251B1E24590048ED7A /* SOEnterDescriptionViewController.swift */ = {isa = PBXFileReference; fileEncoding = 4; lastKnownFileType = sourcecode.swift; name = SOEnterDescriptionViewController.swift; path = EditTaskViewController/ViewControllers/SOEnterDescriptionViewController.swift; sourceTree = "<group>"; };
		7F6E98271B1E27840048ED7A /* SOEnterBaseViewController.swift */ = {isa = PBXFileReference; fileEncoding = 4; lastKnownFileType = sourcecode.swift; name = SOEnterBaseViewController.swift; path = EditTaskViewController/ViewControllers/SOEnterBaseViewController.swift; sourceTree = "<group>"; };
		7F6E985F1B1EF3180048ED7A /* SOSelectCategoryCell.swift */ = {isa = PBXFileReference; fileEncoding = 4; lastKnownFileType = sourcecode.swift; name = SOSelectCategoryCell.swift; path = EditTaskViewController/SOSelectCategoryCell.swift; sourceTree = "<group>"; };
		7F6E98611B1F28650048ED7A /* SOSelectIconsCell.swift */ = {isa = PBXFileReference; fileEncoding = 4; lastKnownFileType = sourcecode.swift; name = SOSelectIconsCell.swift; path = EditTaskViewController/SOSelectIconsCell.swift; sourceTree = "<group>"; };
		7F6E98631B206CF80048ED7A /* Task.swift */ = {isa = PBXFileReference; fileEncoding = 4; lastKnownFileType = sourcecode.swift; name = Task.swift; path = LocalDataBase/Task.swift; sourceTree = "<group>"; };
		7F9B77291B189E67006D3434 /* SwiftOrganizer.xcdatamodel */ = {isa = PBXFileReference; lastKnownFileType = wrapper.xcdatamodel; path = SwiftOrganizer.xcdatamodel; sourceTree = "<group>"; };
/* End PBXFileReference section */

/* Begin PBXFrameworksBuildPhase section */
		7F5725531B0F5DDA003DBDEB /* Frameworks */ = {
			isa = PBXFrameworksBuildPhase;
			buildActionMask = 2147483647;
			files = (
				7F625EF81B2ED4C2004B7C16 /* libsqlite3.dylib in Frameworks */,
				7F625EF61B2ED4B7004B7C16 /* AudioToolbox.framework in Frameworks */,
				7F625EF41B2ED4A9004B7C16 /* SystemConfiguration.framework in Frameworks */,
				7F625EF21B2ED49C004B7C16 /* MobileCoreServices.framework in Frameworks */,
				7F625EF01B2ED492004B7C16 /* libstdc++.6.dylib in Frameworks */,
				7F625EE81B2ED3DC004B7C16 /* Bolts.framework in Frameworks */,
				7F625EE91B2ED3DC004B7C16 /* Parse.framework in Frameworks */,
				7F625EEA1B2ED3DC004B7C16 /* ParseCrashReporting.framework in Frameworks */,
				7F625EEB1B2ED3DC004B7C16 /* ParseFacebookUtils.framework in Frameworks */,
				7F625EEC1B2ED3DC004B7C16 /* ParseFacebookUtilsV4.framework in Frameworks */,
				7F625EED1B2ED3DC004B7C16 /* ParseUI.framework in Frameworks */,
			);
			runOnlyForDeploymentPostprocessing = 0;
		};
		7F57256B1B0F5DDB003DBDEB /* Frameworks */ = {
			isa = PBXFrameworksBuildPhase;
			buildActionMask = 2147483647;
			files = (
			);
			runOnlyForDeploymentPostprocessing = 0;
		};
/* End PBXFrameworksBuildPhase section */

/* Begin PBXGroup section */
		7F441A571B2EB3EA004DAA5D /* Parse.com */ = {
			isa = PBXGroup;
			children = (
				7F441A581B2EB3EA004DAA5D /* SOParseComManager.swift */,
				7F625F001B2FDC88004B7C16 /* SORemoteDataBase.swift */,
			);
			path = Parse.com;
			sourceTree = "<group>";
		};
		7F497D501B1AA20D00F95BA9 /* TabBar */ = {
			isa = PBXGroup;
			children = (
				7F497D531B1AA2C300F95BA9 /* SOTabBarContainerView.swift */,
				7F497D511B1AA25500F95BA9 /* SOTabBarController.swift */,
				7F497D591B1AAF7700F95BA9 /* SOCategoryTabView.swift */,
				7F497D5D1B1AF0D800F95BA9 /* SOCategoryTabView.xib */,
				7F497D5B1B1AAF9700F95BA9 /* SOIconTabView.swift */,
				7F497D611B1AF9B600F95BA9 /* SOIconTabView.xib */,
				7F497D551B1AAA9900F95BA9 /* SOCategoryTabBarController.swift */,
				7F497D571B1AAAB400F95BA9 /* SOIconsTabBarController.swift */,
			);
			name = TabBar;
			sourceTree = "<group>";
		};
		7F497D631B1B32C700F95BA9 /* Utilities */ = {
			isa = PBXGroup;
			children = (
				7F497D641B1B330300F95BA9 /* SOUtilities.swift */,
			);
			name = Utilities;
			sourceTree = "<group>";
		};
		7F57254D1B0F5DDA003DBDEB = {
			isa = PBXGroup;
			children = (
				7F5725581B0F5DDA003DBDEB /* SwiftOrganizer */,
				7F5725711B0F5DDB003DBDEB /* SwiftOrganizerTests */,
				7F5725571B0F5DDA003DBDEB /* Products */,
			);
			sourceTree = "<group>";
		};
		7F5725571B0F5DDA003DBDEB /* Products */ = {
			isa = PBXGroup;
			children = (
				7F5725561B0F5DDA003DBDEB /* SwiftOrganizer.app */,
				7F57256E1B0F5DDB003DBDEB /* SwiftOrganizerTests.xctest */,
			);
			name = Products;
			sourceTree = "<group>";
		};
		7F5725581B0F5DDA003DBDEB /* SwiftOrganizer */ = {
			isa = PBXGroup;
			children = (
				7F625EFA1B2EE10D004B7C16 /* DataBase */,
				7F5826BB1B482D1A00C0B179 /* iCloud */,
				7F5725991B0F61AC003DBDEB /* Common */,
				7F5C2C381B400AC300506320 /* ObserverManager */,
				7F57258A1B0F6114003DBDEB /* ViewControllers */,
				7F57255B1B0F5DDA003DBDEB /* AppDelegate.swift */,
				7F5725621B0F5DDA003DBDEB /* Main.storyboard */,
				7F5725651B0F5DDA003DBDEB /* Images.xcassets */,
				7F5725671B0F5DDA003DBDEB /* LaunchScreen.xib */,
				7F5C2C3D1B42D88700506320 /* README.md */,
				7F5D20EA1B3942B500926392 /* SwiftOrganizer.playground */,
				7F5A6D221B14C37C009665C7 /* Resources */,
				7F625EEE1B2ED3EE004B7C16 /* Frameworks */,
				7F5725591B0F5DDA003DBDEB /* Supporting Files */,
				7F441A5B1B2EBEBD004DAA5D /* SwiftOrganizer-Bridging-Header.h */,
			);
			path = SwiftOrganizer;
			sourceTree = "<group>";
		};
		7F5725591B0F5DDA003DBDEB /* Supporting Files */ = {
			isa = PBXGroup;
			children = (
				7F57255A1B0F5DDA003DBDEB /* Info.plist */,
			);
			name = "Supporting Files";
			sourceTree = "<group>";
		};
		7F5725711B0F5DDB003DBDEB /* SwiftOrganizerTests */ = {
			isa = PBXGroup;
			children = (
				7F5725741B0F5DDB003DBDEB /* SwiftOrganizerTests.swift */,
				7F5725721B0F5DDB003DBDEB /* Supporting Files */,
			);
			path = SwiftOrganizerTests;
			sourceTree = "<group>";
		};
		7F5725721B0F5DDB003DBDEB /* Supporting Files */ = {
			isa = PBXGroup;
			children = (
				7F5725731B0F5DDB003DBDEB /* Info.plist */,
			);
			name = "Supporting Files";
			sourceTree = "<group>";
		};
		7F57258A1B0F6114003DBDEB /* ViewControllers */ = {
			isa = PBXGroup;
			children = (
				7F6E98141B1DD9730048ED7A /* EditTaskViewController */,
				7F5A6D1D1B14A115009665C7 /* MainViewController */,
				7F0D37831B0F67B1008B785B /* SlideMenuController.swift */,
				7F57258D1B0F6114003DBDEB /* LeftViewController.swift */,
				7F5725911B0F6114003DBDEB /* SOSettingsViewController.swift */,
				7F57258F1B0F6114003DBDEB /* SOAboutViewController.swift */,
				7F5725901B0F6114003DBDEB /* RightViewController.swift */,
			);
			path = ViewControllers;
			sourceTree = "<group>";
		};
		7F5725991B0F61AC003DBDEB /* Common */ = {
			isa = PBXGroup;
			children = (
				7F497D631B1B32C700F95BA9 /* Utilities */,
				7F57259E1B0F61F7003DBDEB /* Extensions */,
				7F57259A1B0F61AC003DBDEB /* BaseClasses */,
			);
			path = Common;
			sourceTree = "<group>";
		};
		7F57259A1B0F61AC003DBDEB /* BaseClasses */ = {
			isa = PBXGroup;
			children = (
				7F57259B1B0F61AC003DBDEB /* View */,
			);
			path = BaseClasses;
			sourceTree = "<group>";
		};
		7F57259B1B0F61AC003DBDEB /* View */ = {
			isa = PBXGroup;
			children = (
				7F57259C1B0F61AC003DBDEB /* BaseTableViewCell.swift */,
			);
			path = View;
			sourceTree = "<group>";
		};
		7F57259E1B0F61F7003DBDEB /* Extensions */ = {
			isa = PBXGroup;
			children = (
				7F57259F1B0F61F7003DBDEB /* StringExtension.swift */,
				7F5725A01B0F61F7003DBDEB /* UITableViewExtension.swift */,
				7F5725A11B0F61F7003DBDEB /* UIViewControllerExtension.swift */,
				7F5C2C3B1B40143600506320 /* ArrayExtension.swift */,
			);
			path = Extensions;
			sourceTree = "<group>";
		};
		7F5826BB1B482D1A00C0B179 /* iCloud */ = {
			isa = PBXGroup;
			children = (
				7F5826BA1B481E2C00C0B179 /* SwiftOrganizer.entitlements */,
				7F5826BC1B482D6C00C0B179 /* SOiCloudManager.swift */,
			);
			name = iCloud;
			path = Common;
			sourceTree = "<group>";
		};
		7F5866341B16CB3700BB32AA /* CoreData */ = {
			isa = PBXGroup;
			children = (
				7F6E98631B206CF80048ED7A /* Task.swift */,
				7F5866351B16FB6000BB32AA /* Ico.swift */,
				7F497D4C1B18A6AF00F95BA9 /* Category.swift */,
				7F58663B1B16FCC700BB32AA /* SOLocalDataBase.swift */,
				7F9B77281B189E67006D3434 /* SwiftOrganizer.xcdatamodeld */,
			);
			name = CoreData;
			sourceTree = "<group>";
		};
		7F5A6D1D1B14A115009665C7 /* MainViewController */ = {
			isa = PBXGroup;
			children = (
				7F57258E1B0F6114003DBDEB /* SOMainViewController.swift */,
				7F5A6D1E1B14A75A009665C7 /* SOMainTableViewController.swift */,
				7F5A6D201B14B61B009665C7 /* SOMainTableViewCell.swift */,
				7F497D501B1AA20D00F95BA9 /* TabBar */,
			);
			name = MainViewController;
			sourceTree = "<group>";
		};
		7F5A6D221B14C37C009665C7 /* Resources */ = {
			isa = PBXGroup;
			children = (
				7F5A6D231B14C388009665C7 /* Images */,
			);
			name = Resources;
			sourceTree = "<group>";
		};
		7F5A6D231B14C388009665C7 /* Images */ = {
			isa = PBXGroup;
			children = (
				7F6E98131B1C87E50048ED7A /* Images */,
				7F5A6D241B14C390009665C7 /* TasksIcons */,
			);
			name = Images;
			sourceTree = "<group>";
		};
		7F5A6D241B14C390009665C7 /* TasksIcons */ = {
			isa = PBXGroup;
			children = (
				7F5A6D251B14C42C009665C7 /* ico1@2x.png */,
				7F5A6D261B14C42C009665C7 /* ico2@2x.png */,
				7F5A6D271B14C42C009665C7 /* ico3@2x.png */,
				7F5A6D281B14C42C009665C7 /* ico4@2x.png */,
				7F5A6D291B14C42C009665C7 /* ico5@2x.png */,
				7F5A6D2A1B14C42C009665C7 /* ico6@2x.png */,
				7F5A6D2B1B14C42C009665C7 /* ico7@2x.png */,
				7F5A6D2C1B14C42C009665C7 /* ico8@2x.png */,
				7F5A6D2D1B14C42C009665C7 /* ico9@2x.png */,
				7F5A6D2E1B14C42C009665C7 /* ico10@2x.png */,
				7F5A6D2F1B14C42C009665C7 /* ico11@2x.png */,
				7F5A6D301B14C42C009665C7 /* ico12@2x.png */,
				7F64749A1B2730D700B3D75C /* ico13@2x.png */,
				7F64749B1B2730D700B3D75C /* ico14@2x.png */,
				7F64749C1B2730D700B3D75C /* ico15@2x.png */,
				7F64749D1B2730D700B3D75C /* ico16@2x.png */,
				7F64749E1B2730D700B3D75C /* ico17@2x.png */,
			);
			name = TasksIcons;
			sourceTree = "<group>";
		};
		7F5C2C381B400AC300506320 /* ObserverManager */ = {
			isa = PBXGroup;
			children = (
				7F5C2C391B400B2400506320 /* SOObserversManager.swift */,
			);
			name = ObserverManager;
			path = ViewControllers;
			sourceTree = "<group>";
		};
		7F625EEE1B2ED3EE004B7C16 /* Frameworks */ = {
			isa = PBXGroup;
			children = (
				7F625EF91B2ED4CF004B7C16 /* SystemFrameworks */,
				7F625EE21B2ED3DC004B7C16 /* Bolts.framework */,
				7F625EE31B2ED3DC004B7C16 /* Parse.framework */,
				7F625EE41B2ED3DC004B7C16 /* ParseCrashReporting.framework */,
				7F625EE51B2ED3DC004B7C16 /* ParseFacebookUtils.framework */,
				7F625EE61B2ED3DC004B7C16 /* ParseFacebookUtilsV4.framework */,
				7F625EE71B2ED3DC004B7C16 /* ParseUI.framework */,
			);
			name = Frameworks;
			sourceTree = "<group>";
		};
		7F625EF91B2ED4CF004B7C16 /* SystemFrameworks */ = {
			isa = PBXGroup;
			children = (
				7F625EF71B2ED4C2004B7C16 /* libsqlite3.dylib */,
				7F625EF51B2ED4B7004B7C16 /* AudioToolbox.framework */,
				7F625EF31B2ED4A9004B7C16 /* SystemConfiguration.framework */,
				7F625EF11B2ED49C004B7C16 /* MobileCoreServices.framework */,
				7F625EEF1B2ED492004B7C16 /* libstdc++.6.dylib */,
			);
			name = SystemFrameworks;
			sourceTree = "<group>";
		};
		7F625EFA1B2EE10D004B7C16 /* DataBase */ = {
			isa = PBXGroup;
			children = (
				7F625EFF1B2F2001004B7C16 /* Classes */,
				7F441A571B2EB3EA004DAA5D /* Parse.com */,
				7F5866341B16CB3700BB32AA /* CoreData */,
			);
			name = DataBase;
			sourceTree = "<group>";
		};
		7F625EFF1B2F2001004B7C16 /* Classes */ = {
			isa = PBXGroup;
			children = (
				7F625F021B2FDD85004B7C16 /* SODataBaseFactory.swift */,
				7F625F0C1B30274C004B7C16 /* SODataBaseProtocol.swift */,
				7F625F041B2FDEEE004B7C16 /* SODataFetching.swift */,
				7F625F061B2FDF5F004B7C16 /* SOCategory.swift */,
				7F625F071B2FDF5F004B7C16 /* SOIco.swift */,
				7F625F081B2FDF5F004B7C16 /* SOTask.swift */,
			);
			name = Classes;
			sourceTree = "<group>";
		};
		7F6E98131B1C87E50048ED7A /* Images */ = {
			isa = PBXGroup;
			children = (
			);
			name = Images;
			sourceTree = "<group>";
		};
		7F6E98141B1DD9730048ED7A /* EditTaskViewController */ = {
			isa = PBXGroup;
			children = (
				7F57258C1B0F6114003DBDEB /* SOEditTaskViewController.swift */,
				7F6E98271B1E27840048ED7A /* SOEnterBaseViewController.swift */,
				7F6E985B1B1EF2A50048ED7A /* Category */,
				7F6E985C1B1EF2B60048ED7A /* Icons */,
				7F6E985D1B1EF2C20048ED7A /* Date */,
				7F6E985E1B1EF2CD0048ED7A /* Description */,
			);
			name = EditTaskViewController;
			sourceTree = "<group>";
		};
		7F6E985B1B1EF2A50048ED7A /* Category */ = {
			isa = PBXGroup;
			children = (
				7F6E98151B1DD9F70048ED7A /* SOEditTaskCategoryCell.swift */,
				7F6E985F1B1EF3180048ED7A /* SOSelectCategoryCell.swift */,
				7F6E981F1B1E23F20048ED7A /* SOEnterCategoryViewController.swift */,
			);
			name = Category;
			sourceTree = "<group>";
		};
		7F6E985C1B1EF2B60048ED7A /* Icons */ = {
			isa = PBXGroup;
			children = (
				7F6E98171B1DDD930048ED7A /* SOEditTaskIconsCell.swift */,
				7F6E98611B1F28650048ED7A /* SOSelectIconsCell.swift */,
				7F6E98211B1E24210048ED7A /* SOEnterIconsViewController.swift */,
			);
			name = Icons;
			sourceTree = "<group>";
		};
		7F6E985D1B1EF2C20048ED7A /* Date */ = {
			isa = PBXGroup;
			children = (
				7F6E98191B1DDED30048ED7A /* SOEditTaskDateCell.swift */,
				7F6E98231B1E243C0048ED7A /* SOEnterDateViewController.swift */,
			);
			name = Date;
			sourceTree = "<group>";
		};
		7F6E985E1B1EF2CD0048ED7A /* Description */ = {
			isa = PBXGroup;
			children = (
				7F6E981B1B1DE04C0048ED7A /* SOEditTaskDescriptionCell.swift */,
				7F6E98251B1E24590048ED7A /* SOEnterDescriptionViewController.swift */,
			);
			name = Description;
			sourceTree = "<group>";
		};
/* End PBXGroup section */

/* Begin PBXNativeTarget section */
		7F5725551B0F5DDA003DBDEB /* SwiftOrganizer */ = {
			isa = PBXNativeTarget;
			buildConfigurationList = 7F5725781B0F5DDB003DBDEB /* Build configuration list for PBXNativeTarget "SwiftOrganizer" */;
			buildPhases = (
				7F5725521B0F5DDA003DBDEB /* Sources */,
				7F5725531B0F5DDA003DBDEB /* Frameworks */,
				7F5725541B0F5DDA003DBDEB /* Resources */,
			);
			buildRules = (
			);
			dependencies = (
			);
			name = SwiftOrganizer;
			productName = SwiftOrganizer;
			productReference = 7F5725561B0F5DDA003DBDEB /* SwiftOrganizer.app */;
			productType = "com.apple.product-type.application";
		};
		7F57256D1B0F5DDB003DBDEB /* SwiftOrganizerTests */ = {
			isa = PBXNativeTarget;
			buildConfigurationList = 7F57257B1B0F5DDB003DBDEB /* Build configuration list for PBXNativeTarget "SwiftOrganizerTests" */;
			buildPhases = (
				7F57256A1B0F5DDB003DBDEB /* Sources */,
				7F57256B1B0F5DDB003DBDEB /* Frameworks */,
				7F57256C1B0F5DDB003DBDEB /* Resources */,
			);
			buildRules = (
			);
			dependencies = (
				7F5725701B0F5DDB003DBDEB /* PBXTargetDependency */,
			);
			name = SwiftOrganizerTests;
			productName = SwiftOrganizerTests;
			productReference = 7F57256E1B0F5DDB003DBDEB /* SwiftOrganizerTests.xctest */;
			productType = "com.apple.product-type.bundle.unit-test";
		};
/* End PBXNativeTarget section */

/* Begin PBXProject section */
		7F57254E1B0F5DDA003DBDEB /* Project object */ = {
			isa = PBXProject;
			attributes = {
				LastUpgradeCheck = 0630;
				ORGANIZATIONNAME = "Sergey Krotkih";
				TargetAttributes = {
					7F5725551B0F5DDA003DBDEB = {
						CreatedOnToolsVersion = 6.3.2;
						DevelopmentTeam = N5B5T39W8Y;
						SystemCapabilities = {
							com.apple.iCloud = {
								enabled = 1;
							};
						};
					};
					7F57256D1B0F5DDB003DBDEB = {
						CreatedOnToolsVersion = 6.3.2;
						TestTargetID = 7F5725551B0F5DDA003DBDEB;
					};
				};
			};
			buildConfigurationList = 7F5725511B0F5DDA003DBDEB /* Build configuration list for PBXProject "SwiftOrganizer" */;
			compatibilityVersion = "Xcode 3.2";
			developmentRegion = English;
			hasScannedForEncodings = 0;
			knownRegions = (
				en,
				Base,
			);
			mainGroup = 7F57254D1B0F5DDA003DBDEB;
			productRefGroup = 7F5725571B0F5DDA003DBDEB /* Products */;
			projectDirPath = "";
			projectRoot = "";
			targets = (
				7F5725551B0F5DDA003DBDEB /* SwiftOrganizer */,
				7F57256D1B0F5DDB003DBDEB /* SwiftOrganizerTests */,
			);
		};
/* End PBXProject section */

/* Begin PBXResourcesBuildPhase section */
		7F5725541B0F5DDA003DBDEB /* Resources */ = {
			isa = PBXResourcesBuildPhase;
			buildActionMask = 2147483647;
			files = (
				7F497D5E1B1AF0D800F95BA9 /* SOCategoryTabView.xib in Resources */,
				7F5A6D351B14C42C009665C7 /* ico5@2x.png in Resources */,
				7F5A6D331B14C42C009665C7 /* ico3@2x.png in Resources */,
				7F6474A01B2730D700B3D75C /* ico14@2x.png in Resources */,
				7F6474A31B2730D700B3D75C /* ico17@2x.png in Resources */,
				7F5A6D381B14C42C009665C7 /* ico8@2x.png in Resources */,
				7F5A6D341B14C42C009665C7 /* ico4@2x.png in Resources */,
				7F497D621B1AF9B600F95BA9 /* SOIconTabView.xib in Resources */,
				7F6474A21B2730D700B3D75C /* ico16@2x.png in Resources */,
				7F5A6D361B14C42C009665C7 /* ico6@2x.png in Resources */,
				7F5A6D311B14C42C009665C7 /* ico1@2x.png in Resources */,
				7F64749F1B2730D700B3D75C /* ico13@2x.png in Resources */,
				7F5A6D321B14C42C009665C7 /* ico2@2x.png in Resources */,
				7F5A6D3A1B14C42C009665C7 /* ico10@2x.png in Resources */,
				7F5A6D371B14C42C009665C7 /* ico7@2x.png in Resources */,
				7F5A6D391B14C42C009665C7 /* ico9@2x.png in Resources */,
				7F6474A11B2730D700B3D75C /* ico15@2x.png in Resources */,
				7F9B77261B189C54006D3434 /* Main.storyboard in Resources */,
				7F9B77271B189C58006D3434 /* LaunchScreen.xib in Resources */,
				7F5A6D3B1B14C42C009665C7 /* ico11@2x.png in Resources */,
				7F5725661B0F5DDA003DBDEB /* Images.xcassets in Resources */,
				7F5A6D3C1B14C42C009665C7 /* ico12@2x.png in Resources */,
			);
			runOnlyForDeploymentPostprocessing = 0;
		};
		7F57256C1B0F5DDB003DBDEB /* Resources */ = {
			isa = PBXResourcesBuildPhase;
			buildActionMask = 2147483647;
			files = (
			);
			runOnlyForDeploymentPostprocessing = 0;
		};
/* End PBXResourcesBuildPhase section */

/* Begin PBXSourcesBuildPhase section */
		7F5725521B0F5DDA003DBDEB /* Sources */ = {
			isa = PBXSourcesBuildPhase;
			buildActionMask = 2147483647;
			files = (
				7F5725951B0F6114003DBDEB /* SOMainViewController.swift in Sources */,
				7F5C2C3A1B400B2400506320 /* SOObserversManager.swift in Sources */,
				7F6E98181B1DDD930048ED7A /* SOEditTaskIconsCell.swift in Sources */,
				7F6E98221B1E24210048ED7A /* SOEnterIconsViewController.swift in Sources */,
				7F9B772A1B189E67006D3434 /* SwiftOrganizer.xcdatamodeld in Sources */,
				7F497D5A1B1AAF7700F95BA9 /* SOCategoryTabView.swift in Sources */,
				7F5C2C3E1B42D88700506320 /* README.md in Sources */,
				7F0D37841B0F67B1008B785B /* SlideMenuController.swift in Sources */,
				7F5725931B0F6114003DBDEB /* SOEditTaskViewController.swift in Sources */,
				7F57255C1B0F5DDA003DBDEB /* AppDelegate.swift in Sources */,
				7F497D561B1AAA9900F95BA9 /* SOCategoryTabBarController.swift in Sources */,
				7F497D5C1B1AAF9700F95BA9 /* SOIconTabView.swift in Sources */,
				7F5725941B0F6114003DBDEB /* LeftViewController.swift in Sources */,
				7F58663C1B16FCC700BB32AA /* SOLocalDataBase.swift in Sources */,
				7F57259D1B0F61AC003DBDEB /* BaseTableViewCell.swift in Sources */,
				7F6E98241B1E243C0048ED7A /* SOEnterDateViewController.swift in Sources */,
				7F625F031B2FDD85004B7C16 /* SODataBaseFactory.swift in Sources */,
				7F5A6D211B14B61B009665C7 /* SOMainTableViewCell.swift in Sources */,
				7F625F0B1B2FDF5F004B7C16 /* SOTask.swift in Sources */,
				7F625F0D1B30274C004B7C16 /* SODataBaseProtocol.swift in Sources */,
				7F5725A31B0F61F7003DBDEB /* UITableViewExtension.swift in Sources */,
				7F5C2C3C1B40143600506320 /* ArrayExtension.swift in Sources */,
				7F497D4D1B18A6AF00F95BA9 /* Category.swift in Sources */,
				7F6E981A1B1DDED30048ED7A /* SOEditTaskDateCell.swift in Sources */,
				7F6E98621B1F28650048ED7A /* SOSelectIconsCell.swift in Sources */,
				7F5866381B16FB6000BB32AA /* Ico.swift in Sources */,
				7F6E98201B1E23F20048ED7A /* SOEnterCategoryViewController.swift in Sources */,
				7F625F051B2FDEEE004B7C16 /* SODataFetching.swift in Sources */,
				7F625F011B2FDC88004B7C16 /* SORemoteDataBase.swift in Sources */,
				7F5725961B0F6114003DBDEB /* SOAboutViewController.swift in Sources */,
				7F5725A21B0F61F7003DBDEB /* StringExtension.swift in Sources */,
				7F6E98261B1E24590048ED7A /* SOEnterDescriptionViewController.swift in Sources */,
				7F6E98601B1EF3180048ED7A /* SOSelectCategoryCell.swift in Sources */,
				7F5725981B0F6114003DBDEB /* SOSettingsViewController.swift in Sources */,
				7F5725A41B0F61F7003DBDEB /* UIViewControllerExtension.swift in Sources */,
				7F497D541B1AA2C300F95BA9 /* SOTabBarContainerView.swift in Sources */,
				7F6E981C1B1DE04C0048ED7A /* SOEditTaskDescriptionCell.swift in Sources */,
				7F441A591B2EB3EA004DAA5D /* SOParseComManager.swift in Sources */,
				7F5A6D1F1B14A75A009665C7 /* SOMainTableViewController.swift in Sources */,
				7F5725971B0F6114003DBDEB /* RightViewController.swift in Sources */,
				7F5826BD1B482D6C00C0B179 /* SOiCloudManager.swift in Sources */,
				7F497D581B1AAAB400F95BA9 /* SOIconsTabBarController.swift in Sources */,
				7F6E98641B206CF80048ED7A /* Task.swift in Sources */,
				7F625F091B2FDF5F004B7C16 /* SOCategory.swift in Sources */,
				7F625F0A1B2FDF5F004B7C16 /* SOIco.swift in Sources */,
				7F6E98161B1DD9F70048ED7A /* SOEditTaskCategoryCell.swift in Sources */,
				7F6E98281B1E27840048ED7A /* SOEnterBaseViewController.swift in Sources */,
				7F497D651B1B330300F95BA9 /* SOUtilities.swift in Sources */,
				7F497D521B1AA25500F95BA9 /* SOTabBarController.swift in Sources */,
			);
			runOnlyForDeploymentPostprocessing = 0;
		};
		7F57256A1B0F5DDB003DBDEB /* Sources */ = {
			isa = PBXSourcesBuildPhase;
			buildActionMask = 2147483647;
			files = (
				7F5725751B0F5DDB003DBDEB /* SwiftOrganizerTests.swift in Sources */,
			);
			runOnlyForDeploymentPostprocessing = 0;
		};
/* End PBXSourcesBuildPhase section */

/* Begin PBXTargetDependency section */
		7F5725701B0F5DDB003DBDEB /* PBXTargetDependency */ = {
			isa = PBXTargetDependency;
			target = 7F5725551B0F5DDA003DBDEB /* SwiftOrganizer */;
			targetProxy = 7F57256F1B0F5DDB003DBDEB /* PBXContainerItemProxy */;
		};
/* End PBXTargetDependency section */

/* Begin PBXVariantGroup section */
		7F5725621B0F5DDA003DBDEB /* Main.storyboard */ = {
			isa = PBXVariantGroup;
			children = (
				7F5725631B0F5DDA003DBDEB /* Base */,
			);
			name = Main.storyboard;
			sourceTree = "<group>";
		};
		7F5725671B0F5DDA003DBDEB /* LaunchScreen.xib */ = {
			isa = PBXVariantGroup;
			children = (
				7F5725681B0F5DDA003DBDEB /* Base */,
			);
			name = LaunchScreen.xib;
			sourceTree = "<group>";
		};
/* End PBXVariantGroup section */

/* Begin XCBuildConfiguration section */
		7F5725761B0F5DDB003DBDEB /* Debug */ = {
			isa = XCBuildConfiguration;
			buildSettings = {
				ALWAYS_SEARCH_USER_PATHS = NO;
				CLANG_CXX_LANGUAGE_STANDARD = "gnu++0x";
				CLANG_CXX_LIBRARY = "libc++";
				CLANG_ENABLE_MODULES = YES;
				CLANG_ENABLE_OBJC_ARC = YES;
				CLANG_WARN_BOOL_CONVERSION = YES;
				CLANG_WARN_CONSTANT_CONVERSION = YES;
				CLANG_WARN_DIRECT_OBJC_ISA_USAGE = YES_ERROR;
				CLANG_WARN_EMPTY_BODY = YES;
				CLANG_WARN_ENUM_CONVERSION = YES;
				CLANG_WARN_INT_CONVERSION = YES;
				CLANG_WARN_OBJC_ROOT_CLASS = YES_ERROR;
				CLANG_WARN_UNREACHABLE_CODE = YES;
				CLANG_WARN__DUPLICATE_METHOD_MATCH = YES;
				"CODE_SIGN_IDENTITY[sdk=iphoneos*]" = "iPhone Developer";
				COPY_PHASE_STRIP = NO;
				DEBUG_INFORMATION_FORMAT = "dwarf-with-dsym";
				ENABLE_STRICT_OBJC_MSGSEND = YES;
				GCC_C_LANGUAGE_STANDARD = gnu99;
				GCC_DYNAMIC_NO_PIC = NO;
				GCC_NO_COMMON_BLOCKS = YES;
				GCC_OPTIMIZATION_LEVEL = 0;
				GCC_PREPROCESSOR_DEFINITIONS = (
					"DEBUG=1",
					"$(inherited)",
				);
				GCC_SYMBOLS_PRIVATE_EXTERN = NO;
				GCC_WARN_64_TO_32_BIT_CONVERSION = YES;
				GCC_WARN_ABOUT_RETURN_TYPE = YES_ERROR;
				GCC_WARN_UNDECLARED_SELECTOR = YES;
				GCC_WARN_UNINITIALIZED_AUTOS = YES_AGGRESSIVE;
				GCC_WARN_UNUSED_FUNCTION = YES;
				GCC_WARN_UNUSED_VARIABLE = YES;
				IPHONEOS_DEPLOYMENT_TARGET = 8.3;
				MTL_ENABLE_DEBUG_INFO = YES;
				ONLY_ACTIVE_ARCH = YES;
				SDKROOT = iphoneos;
				SWIFT_OPTIMIZATION_LEVEL = "-Onone";
			};
			name = Debug;
		};
		7F5725771B0F5DDB003DBDEB /* Release */ = {
			isa = XCBuildConfiguration;
			buildSettings = {
				ALWAYS_SEARCH_USER_PATHS = NO;
				CLANG_CXX_LANGUAGE_STANDARD = "gnu++0x";
				CLANG_CXX_LIBRARY = "libc++";
				CLANG_ENABLE_MODULES = YES;
				CLANG_ENABLE_OBJC_ARC = YES;
				CLANG_WARN_BOOL_CONVERSION = YES;
				CLANG_WARN_CONSTANT_CONVERSION = YES;
				CLANG_WARN_DIRECT_OBJC_ISA_USAGE = YES_ERROR;
				CLANG_WARN_EMPTY_BODY = YES;
				CLANG_WARN_ENUM_CONVERSION = YES;
				CLANG_WARN_INT_CONVERSION = YES;
				CLANG_WARN_OBJC_ROOT_CLASS = YES_ERROR;
				CLANG_WARN_UNREACHABLE_CODE = YES;
				CLANG_WARN__DUPLICATE_METHOD_MATCH = YES;
				"CODE_SIGN_IDENTITY[sdk=iphoneos*]" = "iPhone Developer";
				COPY_PHASE_STRIP = NO;
				DEBUG_INFORMATION_FORMAT = "dwarf-with-dsym";
				ENABLE_NS_ASSERTIONS = NO;
				ENABLE_STRICT_OBJC_MSGSEND = YES;
				GCC_C_LANGUAGE_STANDARD = gnu99;
				GCC_NO_COMMON_BLOCKS = YES;
				GCC_WARN_64_TO_32_BIT_CONVERSION = YES;
				GCC_WARN_ABOUT_RETURN_TYPE = YES_ERROR;
				GCC_WARN_UNDECLARED_SELECTOR = YES;
				GCC_WARN_UNINITIALIZED_AUTOS = YES_AGGRESSIVE;
				GCC_WARN_UNUSED_FUNCTION = YES;
				GCC_WARN_UNUSED_VARIABLE = YES;
				IPHONEOS_DEPLOYMENT_TARGET = 8.3;
				MTL_ENABLE_DEBUG_INFO = NO;
				SDKROOT = iphoneos;
				VALIDATE_PRODUCT = YES;
			};
			name = Release;
		};
		7F5725791B0F5DDB003DBDEB /* Debug */ = {
			isa = XCBuildConfiguration;
			buildSettings = {
				ASSETCATALOG_COMPILER_APPICON_NAME = AppIcon;
				CLANG_ENABLE_MODULES = YES;
				CODE_SIGN_ENTITLEMENTS = SwiftOrganizer/SwiftOrganizer.entitlements;
				CODE_SIGN_IDENTITY = "iPhone Developer";
				"CODE_SIGN_IDENTITY[sdk=iphoneos*]" = "iPhone Developer";
				FRAMEWORK_SEARCH_PATHS = (
					"$(inherited)",
					"$(PROJECT_DIR)/SwiftOrganizer/Frameworks",
				);
				INFOPLIST_FILE = SwiftOrganizer/Info.plist;
				LD_RUNPATH_SEARCH_PATHS = "$(inherited) @executable_path/Frameworks";
				PRODUCT_NAME = "$(TARGET_NAME)";
				PROVISIONING_PROFILE = "";
				SWIFT_OBJC_BRIDGING_HEADER = "SwiftOrganizer/SwiftOrganizer-Bridging-Header.h";
				SWIFT_OPTIMIZATION_LEVEL = "-Onone";
				TARGETED_DEVICE_FAMILY = "1,2";
			};
			name = Debug;
		};
		7F57257A1B0F5DDB003DBDEB /* Release */ = {
			isa = XCBuildConfiguration;
			buildSettings = {
				ASSETCATALOG_COMPILER_APPICON_NAME = AppIcon;
				CLANG_ENABLE_MODULES = YES;
				CODE_SIGN_ENTITLEMENTS = SwiftOrganizer/SwiftOrganizer.entitlements;
				CODE_SIGN_IDENTITY = "iPhone Developer";
				"CODE_SIGN_IDENTITY[sdk=iphoneos*]" = "iPhone Developer";
				FRAMEWORK_SEARCH_PATHS = (
					"$(inherited)",
					"$(PROJECT_DIR)/SwiftOrganizer/Frameworks",
				);
				INFOPLIST_FILE = SwiftOrganizer/Info.plist;
				LD_RUNPATH_SEARCH_PATHS = "$(inherited) @executable_path/Frameworks";
				PRODUCT_NAME = "$(TARGET_NAME)";
				PROVISIONING_PROFILE = "";
				SWIFT_OBJC_BRIDGING_HEADER = "SwiftOrganizer/SwiftOrganizer-Bridging-Header.h";
				TARGETED_DEVICE_FAMILY = "1,2";
			};
			name = Release;
		};
		7F57257C1B0F5DDB003DBDEB /* Debug */ = {
			isa = XCBuildConfiguration;
			buildSettings = {
				BUNDLE_LOADER = "$(TEST_HOST)";
				FRAMEWORK_SEARCH_PATHS = (
					"$(SDKROOT)/Developer/Library/Frameworks",
					"$(inherited)",
				);
				GCC_PREPROCESSOR_DEFINITIONS = (
					"DEBUG=1",
					"$(inherited)",
				);
				INFOPLIST_FILE = SwiftOrganizerTests/Info.plist;
				LD_RUNPATH_SEARCH_PATHS = "$(inherited) @executable_path/Frameworks @loader_path/Frameworks";
				PRODUCT_NAME = "$(TARGET_NAME)";
				TEST_HOST = "$(BUILT_PRODUCTS_DIR)/SwiftOrganizer.app/SwiftOrganizer";
			};
			name = Debug;
		};
		7F57257D1B0F5DDB003DBDEB /* Release */ = {
			isa = XCBuildConfiguration;
			buildSettings = {
				BUNDLE_LOADER = "$(TEST_HOST)";
				FRAMEWORK_SEARCH_PATHS = (
					"$(SDKROOT)/Developer/Library/Frameworks",
					"$(inherited)",
				);
				INFOPLIST_FILE = SwiftOrganizerTests/Info.plist;
				LD_RUNPATH_SEARCH_PATHS = "$(inherited) @executable_path/Frameworks @loader_path/Frameworks";
				PRODUCT_NAME = "$(TARGET_NAME)";
				TEST_HOST = "$(BUILT_PRODUCTS_DIR)/SwiftOrganizer.app/SwiftOrganizer";
			};
			name = Release;
		};
/* End XCBuildConfiguration section */

/* Begin XCConfigurationList section */
		7F5725511B0F5DDA003DBDEB /* Build configuration list for PBXProject "SwiftOrganizer" */ = {
			isa = XCConfigurationList;
			buildConfigurations = (
				7F5725761B0F5DDB003DBDEB /* Debug */,
				7F5725771B0F5DDB003DBDEB /* Release */,
			);
			defaultConfigurationIsVisible = 0;
			defaultConfigurationName = Release;
		};
		7F5725781B0F5DDB003DBDEB /* Build configuration list for PBXNativeTarget "SwiftOrganizer" */ = {
			isa = XCConfigurationList;
			buildConfigurations = (
				7F5725791B0F5DDB003DBDEB /* Debug */,
				7F57257A1B0F5DDB003DBDEB /* Release */,
			);
			defaultConfigurationIsVisible = 0;
			defaultConfigurationName = Release;
		};
		7F57257B1B0F5DDB003DBDEB /* Build configuration list for PBXNativeTarget "SwiftOrganizerTests" */ = {
			isa = XCConfigurationList;
			buildConfigurations = (
				7F57257C1B0F5DDB003DBDEB /* Debug */,
				7F57257D1B0F5DDB003DBDEB /* Release */,
			);
			defaultConfigurationIsVisible = 0;
			defaultConfigurationName = Release;
		};
/* End XCConfigurationList section */

/* Begin XCVersionGroup section */
		7F9B77281B189E67006D3434 /* SwiftOrganizer.xcdatamodeld */ = {
			isa = XCVersionGroup;
			children = (
				7F9B77291B189E67006D3434 /* SwiftOrganizer.xcdatamodel */,
			);
			currentVersion = 7F9B77291B189E67006D3434 /* SwiftOrganizer.xcdatamodel */;
			name = SwiftOrganizer.xcdatamodeld;
			path = LocalDataBase/SwiftOrganizer.xcdatamodeld;
			sourceTree = "<group>";
			versionGroupType = wrapper.xcdatamodel;
		};
/* End XCVersionGroup section */
	};
	rootObject = 7F57254E1B0F5DDA003DBDEB /* Project object */;
}
