<?xml version="1.0" encoding="UTF-8"?>
<Scheme
   LastUpgradeVersion = "0630"
   version = "1.7">
   <BuildAction
      parallelizeBuildables = "YES"
      buildImplicitDependencies = "YES">
      <BuildActionEntries>
         <BuildActionEntry
            buildForTesting = "YES"
            buildForRunning = "YES"
            buildForProfiling = "YES"
            buildForArchiving = "YES"
            buildForAnalyzing = "YES">
            <BuildableReference
               BuildableIdentifier = "primary"
               BlueprintIdentifier = "7F5725551B0F5DDA003DBDEB"
               BuildableName = "SwiftOrganizer.app"
               BlueprintName = "SwiftOrganizer"
               ReferencedContainer = "container:SwiftOrganizer.xcodeproj">
            </BuildableReference>
         </BuildActionEntry>
         <BuildActionEntry
            buildForTesting = "YES"
            buildForRunning = "YES"
            buildForProfiling = "NO"
            buildForArchiving = "NO"
            buildForAnalyzing = "YES">
            <BuildableReference
               BuildableIdentifier = "primary"
               BlueprintIdentifier = "7F57256D1B0F5DDB003DBDEB"
               BuildableName = "SwiftOrganizerTests.xctest"
               BlueprintName = "SwiftOrganizerTests"
               ReferencedContainer = "container:SwiftOrganizer.xcodeproj">
            </BuildableReference>
         </BuildActionEntry>
         <BuildActionEntry
            buildForTesting = "YES"
            buildForRunning = "YES"
            buildForProfiling = "NO"
            buildForArchiving = "NO"
            buildForAnalyzing = "YES">
            <BuildableReference
               BuildableIdentifier = "primary"
               BlueprintIdentifier = "7FD44B251B5A9884000A4FB3"
               BuildableName = "OrganizerDataBaseKitTests.xctest"
               BlueprintName = "OrganizerDataBaseKitTests"
               ReferencedContainer = "container:SwiftOrganizer.xcodeproj">
            </BuildableReference>
         </BuildActionEntry>
         <BuildActionEntry
            buildForTesting = "YES"
            buildForRunning = "YES"
            buildForProfiling = "NO"
            buildForArchiving = "NO"
            buildForAnalyzing = "YES">
            <BuildableReference
               BuildableIdentifier = "primary"
               BlueprintIdentifier = "7FD44B4A1B5A98D6000A4FB3"
               BuildableName = "DataBaseKitTests.xctest"
               BlueprintName = "DataBaseKitTests"
               ReferencedContainer = "container:SwiftOrganizer.xcodeproj">
            </BuildableReference>
         </BuildActionEntry>
      </BuildActionEntries>
   </BuildAction>
   <TestAction
      selectedDebuggerIdentifier = "Xcode.DebuggerFoundation.Debugger.LLDB"
      selectedLauncherIdentifier = "Xcode.DebuggerFoundation.Launcher.LLDB"
      shouldUseLaunchSchemeArgsEnv = "YES"
      buildConfiguration = "Debug">
      <Testables>
         <TestableReference
            skipped = "NO">
            <BuildableReference
               BuildableIdentifier = "primary"
               BlueprintIdentifier = "7F57256D1B0F5DDB003DBDEB"
               BuildableName = "SwiftOrganizerTests.xctest"
               BlueprintName = "SwiftOrganizerTests"
               ReferencedContainer = "container:SwiftOrganizer.xcodeproj">
            </BuildableReference>
         </TestableReference>
         <TestableReference
            skipped = "NO">
            <BuildableReference
               BuildableIdentifier = "primary"
               BlueprintIdentifier = "7FD44B251B5A9884000A4FB3"
               BuildableName = "OrganizerDataBaseKitTests.xctest"
               BlueprintName = "OrganizerDataBaseKitTests"
               ReferencedContainer = "container:SwiftOrganizer.xcodeproj">
            </BuildableReference>
         </TestableReference>
         <TestableReference
            skipped = "NO">
            <BuildableReference
               BuildableIdentifier = "primary"
               BlueprintIdentifier = "7FD44B4A1B5A98D6000A4FB3"
               BuildableName = "DataBaseKitTests.xctest"
               BlueprintName = "DataBaseKitTests"
               ReferencedContainer = "container:SwiftOrganizer.xcodeproj">
            </BuildableReference>
         </TestableReference>
      </Testables>
      <MacroExpansion>
         <BuildableReference
            BuildableIdentifier = "primary"
            BlueprintIdentifier = "7F5725551B0F5DDA003DBDEB"
            BuildableName = "SwiftOrganizer.app"
            BlueprintName = "SwiftOrganizer"
            ReferencedContainer = "container:SwiftOrganizer.xcodeproj">
         </BuildableReference>
      </MacroExpansion>
   </TestAction>
   <LaunchAction
      selectedDebuggerIdentifier = "Xcode.DebuggerFoundation.Debugger.LLDB"
      selectedLauncherIdentifier = "Xcode.DebuggerFoundation.Launcher.LLDB"
      launchStyle = "0"
      useCustomWorkingDirectory = "NO"
      buildConfiguration = "Debug"
      ignoresPersistentStateOnLaunch = "NO"
      debugDocumentVersioning = "YES"
      allowLocationSimulation = "YES">
      <BuildableProductRunnable
         runnableDebuggingMode = "0">
         <BuildableReference
            BuildableIdentifier = "primary"
            BlueprintIdentifier = "7F5725551B0F5DDA003DBDEB"
            BuildableName = "SwiftOrganizer.app"
            BlueprintName = "SwiftOrganizer"
            ReferencedContainer = "container:SwiftOrganizer.xcodeproj">
         </BuildableReference>
      </BuildableProductRunnable>
      <AdditionalOptions>
      </AdditionalOptions>
      <LocationScenarioReference
         identifier = "com.apple.dt.IDEFoundation.CurrentLocationScenarioIdentifier"
         referenceType = "1">
      </LocationScenarioReference>
   </LaunchAction>
   <ProfileAction
      shouldUseLaunchSchemeArgsEnv = "YES"
      savedToolIdentifier = ""
      useCustomWorkingDirectory = "NO"
      buildConfiguration = "Release"
      debugDocumentVersioning = "YES">
      <BuildableProductRunnable
         runnableDebuggingMode = "0">
         <BuildableReference
            BuildableIdentifier = "primary"
            BlueprintIdentifier = "7F5725551B0F5DDA003DBDEB"
            BuildableName = "SwiftOrganizer.app"
            BlueprintName = "SwiftOrganizer"
            ReferencedContainer = "container:SwiftOrganizer.xcodeproj">
         </BuildableReference>
      </BuildableProductRunnable>
   </ProfileAction>
   <AnalyzeAction
      buildConfiguration = "Debug">
   </AnalyzeAction>
   <ArchiveAction
      buildConfiguration = "Release"
      revealArchiveInOrganizer = "YES">
   </ArchiveAction>
</Scheme>
